
Microsoft Visual Studio Solution File, Format Version 12.00
# Visual Studio Version 16
VisualStudioVersion = 16.0.30804.86
MinimumVisualStudioVersion = 10.0.40219.1
Project("{FAE04EC0-301F-11D3-BF4B-00C04F79EFBC}") = "BinaryTreeLib", "BinaryTreeLib\BinaryTreeLib.csproj", "{46A08DE6-D93D-4D40-BE36-635E712331D3}"
EndProject
Project("{FAE04EC0-301F-11D3-BF4B-00C04F79EFBC}") = "TraversalBinaryTree", "TraversalBinaryTree\TraversalBinaryTree.csproj", "{403568A1-4722-4E2D-B87A-AB92CF4F3633}"
EndProject
Project("{FAE04EC0-301F-11D3-BF4B-00C04F79EFBC}") = "BSTreeTest", "BSTreeTest\BSTreeTest.csproj", "{B521E315-EDA7-401E-BF7A-D07445CB89B8}"
EndProject
Project("{FAE04EC0-301F-11D3-BF4B-00C04F79EFBC}") = "BubbleSort", "BubbleSort\BubbleSort.csproj", "{192F821F-0AB6-4B73-91F7-D52B5BB9A50A}"
EndProject
Global
	GlobalSection(SolutionConfigurationPlatforms) = preSolution
		Debug|Any CPU = Debug|Any CPU
		Release|Any CPU = Release|Any CPU
	EndGlobalSection
	GlobalSection(ProjectConfigurationPlatforms) = postSolution
		{46A08DE6-D93D-4D40-BE36-635E712331D3}.Debug|Any CPU.ActiveCfg = Debug|Any CPU
		{46A08DE6-D93D-4D40-BE36-635E712331D3}.Debug|Any CPU.Build.0 = Debug|Any CPU
		{46A08DE6-D93D-4D40-BE36-635E712331D3}.Release|Any CPU.ActiveCfg = Release|Any CPU
		{46A08DE6-D93D-4D40-BE36-635E712331D3}.Release|Any CPU.Build.0 = Release|Any CPU
		{403568A1-4722-4E2D-B87A-AB92CF4F3633}.Debug|Any CPU.ActiveCfg = Debug|Any CPU
		{403568A1-4722-4E2D-B87A-AB92CF4F3633}.Debug|Any CPU.Build.0 = Debug|Any CPU
		{403568A1-4722-4E2D-B87A-AB92CF4F3633}.Release|Any CPU.ActiveCfg = Release|Any CPU
		{403568A1-4722-4E2D-B87A-AB92CF4F3633}.Release|Any CPU.Build.0 = Release|Any CPU
		{B521E315-EDA7-401E-BF7A-D07445CB89B8}.Debug|Any CPU.ActiveCfg = Debug|Any CPU
		{B521E315-EDA7-401E-BF7A-D07445CB89B8}.Debug|Any CPU.Build.0 = Debug|Any CPU
		{B521E315-EDA7-401E-BF7A-D07445CB89B8}.Release|Any CPU.ActiveCfg = Release|Any CPU
		{B521E315-EDA7-401E-BF7A-D07445CB89B8}.Release|Any CPU.Build.0 = Release|Any CPU
		{192F821F-0AB6-4B73-91F7-D52B5BB9A50A}.Debug|Any CPU.ActiveCfg = Debug|Any CPU
		{192F821F-0AB6-4B73-91F7-D52B5BB9A50A}.Debug|Any CPU.Build.0 = Debug|Any CPU
		{192F821F-0AB6-4B73-91F7-D52B5BB9A50A}.Release|Any CPU.ActiveCfg = Release|Any CPU
		{192F821F-0AB6-4B73-91F7-D52B5BB9A50A}.Release|Any CPU.Build.0 = Release|Any CPU
	EndGlobalSection
	GlobalSection(SolutionProperties) = preSolution
		HideSolutionNode = FALSE
	EndGlobalSection
	GlobalSection(ExtensibilityGlobals) = postSolution
		SolutionGuid = {A7762D90-8CAB-44BB-8231-DD9D946CFA1B}
	EndGlobalSection
EndGlobal
